// !$*UTF8*$!
{
	archiveVersion = 1;
	classes = {
	};
	objectVersion = 50;
	objects = {

/* Begin PBXBuildFile section */
		DC70ABD6246F426000415155 /* AppDelegate.swift in Sources */ = {isa = PBXBuildFile; fileRef = DC70ABD5246F426000415155 /* AppDelegate.swift */; };
		DC70ABD8246F426000415155 /* SceneDelegate.swift in Sources */ = {isa = PBXBuildFile; fileRef = DC70ABD7246F426000415155 /* SceneDelegate.swift */; };
		DC70ABDA246F426000415155 /* ViewController.swift in Sources */ = {isa = PBXBuildFile; fileRef = DC70ABD9246F426000415155 /* ViewController.swift */; };
		DC70ABDD246F426000415155 /* Main.storyboard in Resources */ = {isa = PBXBuildFile; fileRef = DC70ABDB246F426000415155 /* Main.storyboard */; };
		DC70ABDF246F426100415155 /* Assets.xcassets in Resources */ = {isa = PBXBuildFile; fileRef = DC70ABDE246F426100415155 /* Assets.xcassets */; };
		DC70ABE2246F426100415155 /* LaunchScreen.storyboard in Resources */ = {isa = PBXBuildFile; fileRef = DC70ABE0246F426100415155 /* LaunchScreen.storyboard */; };
		DC70ABF0246F43E800415155 /* blockerList.json in Resources */ = {isa = PBXBuildFile; fileRef = DC70ABEF246F43E800415155 /* blockerList.json */; };
		DC70ABF2246F43E800415155 /* ContentBlockerRequestHandler.swift in Sources */ = {isa = PBXBuildFile; fileRef = DC70ABF1246F43E800415155 /* ContentBlockerRequestHandler.swift */; };
		DC70ABF6246F43E800415155 /* FaceblockContentBlocker.appex in Embed App Extensions */ = {isa = PBXBuildFile; fileRef = DC70ABED246F43E800415155 /* FaceblockContentBlocker.appex */; settings = {ATTRIBUTES = (RemoveHeadersOnCopy, ); }; };
		DC70AC02246F643400415155 /* blockerList.json in Resources */ = {isa = PBXBuildFile; fileRef = DC70AC01246F643400415155 /* blockerList.json */; };
		DC70AC04246F643400415155 /* ContentBlockerRequestHandler.swift in Sources */ = {isa = PBXBuildFile; fileRef = DC70AC03246F643400415155 /* ContentBlockerRequestHandler.swift */; };
		DC70AC08246F643400415155 /* InstagramContentBlocker.appex in Embed App Extensions */ = {isa = PBXBuildFile; fileRef = DC70ABFF246F643400415155 /* InstagramContentBlocker.appex */; settings = {ATTRIBUTES = (RemoveHeadersOnCopy, ); }; };
/* End PBXBuildFile section */

/* Begin PBXContainerItemProxy section */
		DC70ABF4246F43E800415155 /* PBXContainerItemProxy */ = {
			isa = PBXContainerItemProxy;
			containerPortal = DC70ABCA246F426000415155 /* Project object */;
			proxyType = 1;
			remoteGlobalIDString = DC70ABEC246F43E800415155;
			remoteInfo = FaceblockContentBlocker;
		};
		DC70AC06246F643400415155 /* PBXContainerItemProxy */ = {
			isa = PBXContainerItemProxy;
			containerPortal = DC70ABCA246F426000415155 /* Project object */;
			proxyType = 1;
			remoteGlobalIDString = DC70ABFE246F643400415155;
			remoteInfo = InstagramContentBlocker;
		};
/* End PBXContainerItemProxy section */

/* Begin PBXCopyFilesBuildPhase section */
		DC70ABFA246F43E800415155 /* Embed App Extensions */ = {
			isa = PBXCopyFilesBuildPhase;
			buildActionMask = 2147483647;
			dstPath = "";
			dstSubfolderSpec = 13;
			files = (
				DC70AC08246F643400415155 /* InstagramContentBlocker.appex in Embed App Extensions */,
				DC70ABF6246F43E800415155 /* FaceblockContentBlocker.appex in Embed App Extensions */,
			);
			name = "Embed App Extensions";
			runOnlyForDeploymentPostprocessing = 0;
		};
/* End PBXCopyFilesBuildPhase section */

/* Begin PBXFileReference section */
		DC70ABD2246F426000415155 /* Faceblock.app */ = {isa = PBXFileReference; explicitFileType = wrapper.application; includeInIndex = 0; path = Faceblock.app; sourceTree = BUILT_PRODUCTS_DIR; };
		DC70ABD5246F426000415155 /* AppDelegate.swift */ = {isa = PBXFileReference; lastKnownFileType = sourcecode.swift; path = AppDelegate.swift; sourceTree = "<group>"; };
		DC70ABD7246F426000415155 /* SceneDelegate.swift */ = {isa = PBXFileReference; lastKnownFileType = sourcecode.swift; path = SceneDelegate.swift; sourceTree = "<group>"; };
		DC70ABD9246F426000415155 /* ViewController.swift */ = {isa = PBXFileReference; lastKnownFileType = sourcecode.swift; path = ViewController.swift; sourceTree = "<group>"; };
		DC70ABDC246F426000415155 /* Base */ = {isa = PBXFileReference; lastKnownFileType = file.storyboard; name = Base; path = Base.lproj/Main.storyboard; sourceTree = "<group>"; };
		DC70ABDE246F426100415155 /* Assets.xcassets */ = {isa = PBXFileReference; lastKnownFileType = folder.assetcatalog; path = Assets.xcassets; sourceTree = "<group>"; };
		DC70ABE1246F426100415155 /* Base */ = {isa = PBXFileReference; lastKnownFileType = file.storyboard; name = Base; path = Base.lproj/LaunchScreen.storyboard; sourceTree = "<group>"; };
		DC70ABE3246F426100415155 /* Info.plist */ = {isa = PBXFileReference; lastKnownFileType = text.plist.xml; path = Info.plist; sourceTree = "<group>"; };
		DC70ABED246F43E800415155 /* FaceblockContentBlocker.appex */ = {isa = PBXFileReference; explicitFileType = "wrapper.app-extension"; includeInIndex = 0; path = FaceblockContentBlocker.appex; sourceTree = BUILT_PRODUCTS_DIR; };
		DC70ABEF246F43E800415155 /* blockerList.json */ = {isa = PBXFileReference; lastKnownFileType = text.json; path = blockerList.json; sourceTree = "<group>"; };
		DC70ABF1246F43E800415155 /* ContentBlockerRequestHandler.swift */ = {isa = PBXFileReference; lastKnownFileType = sourcecode.swift; path = ContentBlockerRequestHandler.swift; sourceTree = "<group>"; };
		DC70ABF3246F43E800415155 /* Info.plist */ = {isa = PBXFileReference; lastKnownFileType = text.plist.xml; path = Info.plist; sourceTree = "<group>"; };
		DC70ABFF246F643400415155 /* InstagramContentBlocker.appex */ = {isa = PBXFileReference; explicitFileType = "wrapper.app-extension"; includeInIndex = 0; path = InstagramContentBlocker.appex; sourceTree = BUILT_PRODUCTS_DIR; };
		DC70AC01246F643400415155 /* blockerList.json */ = {isa = PBXFileReference; lastKnownFileType = text.json; path = blockerList.json; sourceTree = "<group>"; };
		DC70AC03246F643400415155 /* ContentBlockerRequestHandler.swift */ = {isa = PBXFileReference; lastKnownFileType = sourcecode.swift; path = ContentBlockerRequestHandler.swift; sourceTree = "<group>"; };
		DC70AC05246F643400415155 /* Info.plist */ = {isa = PBXFileReference; lastKnownFileType = text.plist.xml; path = Info.plist; sourceTree = "<group>"; };
/* End PBXFileReference section */

/* Begin PBXFrameworksBuildPhase section */
		DC70ABCF246F426000415155 /* Frameworks */ = {
			isa = PBXFrameworksBuildPhase;
			buildActionMask = 2147483647;
			files = (
			);
			runOnlyForDeploymentPostprocessing = 0;
		};
		DC70ABEA246F43E800415155 /* Frameworks */ = {
			isa = PBXFrameworksBuildPhase;
			buildActionMask = 2147483647;
			files = (
			);
			runOnlyForDeploymentPostprocessing = 0;
		};
		DC70ABFC246F643400415155 /* Frameworks */ = {
			isa = PBXFrameworksBuildPhase;
			buildActionMask = 2147483647;
			files = (
			);
			runOnlyForDeploymentPostprocessing = 0;
		};
/* End PBXFrameworksBuildPhase section */

/* Begin PBXGroup section */
		DC70ABC9246F426000415155 = {
			isa = PBXGroup;
			children = (
				DC70ABD4246F426000415155 /* Faceblock */,
				DC70ABEE246F43E800415155 /* FaceblockContentBlocker */,
				DC70AC00246F643400415155 /* InstagramContentBlocker */,
				DC70ABD3246F426000415155 /* Products */,
			);
			sourceTree = "<group>";
		};
		DC70ABD3246F426000415155 /* Products */ = {
			isa = PBXGroup;
			children = (
				DC70ABD2246F426000415155 /* Faceblock.app */,
				DC70ABED246F43E800415155 /* FaceblockContentBlocker.appex */,
				DC70ABFF246F643400415155 /* InstagramContentBlocker.appex */,
			);
			name = Products;
			sourceTree = "<group>";
		};
		DC70ABD4246F426000415155 /* Faceblock */ = {
			isa = PBXGroup;
			children = (
				DC70ABD5246F426000415155 /* AppDelegate.swift */,
				DC70ABD7246F426000415155 /* SceneDelegate.swift */,
				DC70ABD9246F426000415155 /* ViewController.swift */,
				DC70ABDB246F426000415155 /* Main.storyboard */,
				DC70ABDE246F426100415155 /* Assets.xcassets */,
				DC70ABE0246F426100415155 /* LaunchScreen.storyboard */,
				DC70ABE3246F426100415155 /* Info.plist */,
			);
			path = Faceblock;
			sourceTree = "<group>";
		};
		DC70ABEE246F43E800415155 /* FaceblockContentBlocker */ = {
			isa = PBXGroup;
			children = (
				DC70ABEF246F43E800415155 /* blockerList.json */,
				DC70ABF1246F43E800415155 /* ContentBlockerRequestHandler.swift */,
				DC70ABF3246F43E800415155 /* Info.plist */,
			);
			path = FaceblockContentBlocker;
			sourceTree = "<group>";
		};
		DC70AC00246F643400415155 /* InstagramContentBlocker */ = {
			isa = PBXGroup;
			children = (
				DC70AC01246F643400415155 /* blockerList.json */,
				DC70AC03246F643400415155 /* ContentBlockerRequestHandler.swift */,
				DC70AC05246F643400415155 /* Info.plist */,
			);
			path = InstagramContentBlocker;
			sourceTree = "<group>";
		};
/* End PBXGroup section */

/* Begin PBXNativeTarget section */
		DC70ABD1246F426000415155 /* Faceblock */ = {
			isa = PBXNativeTarget;
			buildConfigurationList = DC70ABE6246F426100415155 /* Build configuration list for PBXNativeTarget "Faceblock" */;
			buildPhases = (
				DC70ABCE246F426000415155 /* Sources */,
				DC70ABCF246F426000415155 /* Frameworks */,
				DC70ABD0246F426000415155 /* Resources */,
				DC70ABFA246F43E800415155 /* Embed App Extensions */,
			);
			buildRules = (
			);
			dependencies = (
				DC70ABF5246F43E800415155 /* PBXTargetDependency */,
				DC70AC07246F643400415155 /* PBXTargetDependency */,
			);
			name = Faceblock;
			productName = Faceblock;
			productReference = DC70ABD2246F426000415155 /* Faceblock.app */;
			productType = "com.apple.product-type.application";
		};
		DC70ABEC246F43E800415155 /* FaceblockContentBlocker */ = {
			isa = PBXNativeTarget;
			buildConfigurationList = DC70ABF7246F43E800415155 /* Build configuration list for PBXNativeTarget "FaceblockContentBlocker" */;
			buildPhases = (
				DC70ABE9246F43E800415155 /* Sources */,
				DC70ABEA246F43E800415155 /* Frameworks */,
				DC70ABEB246F43E800415155 /* Resources */,
			);
			buildRules = (
			);
			dependencies = (
			);
			name = FaceblockContentBlocker;
			productName = FaceblockContentBlocker;
			productReference = DC70ABED246F43E800415155 /* FaceblockContentBlocker.appex */;
			productType = "com.apple.product-type.app-extension";
		};
		DC70ABFE246F643400415155 /* InstagramContentBlocker */ = {
			isa = PBXNativeTarget;
			buildConfigurationList = DC70AC09246F643400415155 /* Build configuration list for PBXNativeTarget "InstagramContentBlocker" */;
			buildPhases = (
				DC70ABFB246F643400415155 /* Sources */,
				DC70ABFC246F643400415155 /* Frameworks */,
				DC70ABFD246F643400415155 /* Resources */,
			);
			buildRules = (
			);
			dependencies = (
			);
			name = InstagramContentBlocker;
			productName = InstagramContentBlocker;
			productReference = DC70ABFF246F643400415155 /* InstagramContentBlocker.appex */;
			productType = "com.apple.product-type.app-extension";
		};
/* End PBXNativeTarget section */

/* Begin PBXProject section */
		DC70ABCA246F426000415155 /* Project object */ = {
			isa = PBXProject;
			attributes = {
				LastSwiftUpdateCheck = 1140;
				LastUpgradeCheck = 1140;
				ORGANIZATIONNAME = "Arjun G";
				TargetAttributes = {
					DC70ABD1246F426000415155 = {
						CreatedOnToolsVersion = 11.4.1;
					};
					DC70ABEC246F43E800415155 = {
						CreatedOnToolsVersion = 11.4.1;
					};
					DC70ABFE246F643400415155 = {
						CreatedOnToolsVersion = 11.4.1;
					};
				};
			};
			buildConfigurationList = DC70ABCD246F426000415155 /* Build configuration list for PBXProject "Faceblock" */;
			compatibilityVersion = "Xcode 9.3";
			developmentRegion = en;
			hasScannedForEncodings = 0;
			knownRegions = (
				en,
				Base,
			);
			mainGroup = DC70ABC9246F426000415155;
			productRefGroup = DC70ABD3246F426000415155 /* Products */;
			projectDirPath = "";
			projectRoot = "";
			targets = (
				DC70ABD1246F426000415155 /* Faceblock */,
				DC70ABEC246F43E800415155 /* FaceblockContentBlocker */,
				DC70ABFE246F643400415155 /* InstagramContentBlocker */,
			);
		};
/* End PBXProject section */

/* Begin PBXResourcesBuildPhase section */
		DC70ABD0246F426000415155 /* Resources */ = {
			isa = PBXResourcesBuildPhase;
			buildActionMask = 2147483647;
			files = (
				DC70ABE2246F426100415155 /* LaunchScreen.storyboard in Resources */,
				DC70ABDF246F426100415155 /* Assets.xcassets in Resources */,
				DC70ABDD246F426000415155 /* Main.storyboard in Resources */,
			);
			runOnlyForDeploymentPostprocessing = 0;
		};
		DC70ABEB246F43E800415155 /* Resources */ = {
			isa = PBXResourcesBuildPhase;
			buildActionMask = 2147483647;
			files = (
				DC70ABF0246F43E800415155 /* blockerList.json in Resources */,
			);
			runOnlyForDeploymentPostprocessing = 0;
		};
		DC70ABFD246F643400415155 /* Resources */ = {
			isa = PBXResourcesBuildPhase;
			buildActionMask = 2147483647;
			files = (
				DC70AC02246F643400415155 /* blockerList.json in Resources */,
			);
			runOnlyForDeploymentPostprocessing = 0;
		};
/* End PBXResourcesBuildPhase section */

/* Begin PBXSourcesBuildPhase section */
		DC70ABCE246F426000415155 /* Sources */ = {
			isa = PBXSourcesBuildPhase;
			buildActionMask = 2147483647;
			files = (
				DC70ABDA246F426000415155 /* ViewController.swift in Sources */,
				DC70ABD6246F426000415155 /* AppDelegate.swift in Sources */,
				DC70ABD8246F426000415155 /* SceneDelegate.swift in Sources */,
			);
			runOnlyForDeploymentPostprocessing = 0;
		};
		DC70ABE9246F43E800415155 /* Sources */ = {
			isa = PBXSourcesBuildPhase;
			buildActionMask = 2147483647;
			files = (
				DC70ABF2246F43E800415155 /* ContentBlockerRequestHandler.swift in Sources */,
			);
			runOnlyForDeploymentPostprocessing = 0;
		};
		DC70ABFB246F643400415155 /* Sources */ = {
			isa = PBXSourcesBuildPhase;
			buildActionMask = 2147483647;
			files = (
				DC70AC04246F643400415155 /* ContentBlockerRequestHandler.swift in Sources */,
			);
			runOnlyForDeploymentPostprocessing = 0;
		};
/* End PBXSourcesBuildPhase section */

/* Begin PBXTargetDependency section */
		DC70ABF5246F43E800415155 /* PBXTargetDependency */ = {
			isa = PBXTargetDependency;
			target = DC70ABEC246F43E800415155 /* FaceblockContentBlocker */;
			targetProxy = DC70ABF4246F43E800415155 /* PBXContainerItemProxy */;
		};
		DC70AC07246F643400415155 /* PBXTargetDependency */ = {
			isa = PBXTargetDependency;
			target = DC70ABFE246F643400415155 /* InstagramContentBlocker */;
			targetProxy = DC70AC06246F643400415155 /* PBXContainerItemProxy */;
		};
/* End PBXTargetDependency section */

/* Begin PBXVariantGroup section */
		DC70ABDB246F426000415155 /* Main.storyboard */ = {
			isa = PBXVariantGroup;
			children = (
				DC70ABDC246F426000415155 /* Base */,
			);
			name = Main.storyboard;
			sourceTree = "<group>";
		};
		DC70ABE0246F426100415155 /* LaunchScreen.storyboard */ = {
			isa = PBXVariantGroup;
			children = (
				DC70ABE1246F426100415155 /* Base */,
			);
			name = LaunchScreen.storyboard;
			sourceTree = "<group>";
		};
/* End PBXVariantGroup section */

/* Begin XCBuildConfiguration section */
		DC70ABE4246F426100415155 /* Debug */ = {
			isa = XCBuildConfiguration;
			buildSettings = {
				ALWAYS_SEARCH_USER_PATHS = NO;
				CLANG_ANALYZER_NONNULL = YES;
				CLANG_ANALYZER_NUMBER_OBJECT_CONVERSION = YES_AGGRESSIVE;
				CLANG_CXX_LANGUAGE_STANDARD = "gnu++14";
				CLANG_CXX_LIBRARY = "libc++";
				CLANG_ENABLE_MODULES = YES;
				CLANG_ENABLE_OBJC_ARC = YES;
				CLANG_ENABLE_OBJC_WEAK = YES;
				CLANG_WARN_BLOCK_CAPTURE_AUTORELEASING = YES;
				CLANG_WARN_BOOL_CONVERSION = YES;
				CLANG_WARN_COMMA = YES;
				CLANG_WARN_CONSTANT_CONVERSION = YES;
				CLANG_WARN_DEPRECATED_OBJC_IMPLEMENTATIONS = YES;
				CLANG_WARN_DIRECT_OBJC_ISA_USAGE = YES_ERROR;
				CLANG_WARN_DOCUMENTATION_COMMENTS = YES;
				CLANG_WARN_EMPTY_BODY = YES;
				CLANG_WARN_ENUM_CONVERSION = YES;
				CLANG_WARN_INFINITE_RECURSION = YES;
				CLANG_WARN_INT_CONVERSION = YES;
				CLANG_WARN_NON_LITERAL_NULL_CONVERSION = YES;
				CLANG_WARN_OBJC_IMPLICIT_RETAIN_SELF = YES;
				CLANG_WARN_OBJC_LITERAL_CONVERSION = YES;
				CLANG_WARN_OBJC_ROOT_CLASS = YES_ERROR;
				CLANG_WARN_RANGE_LOOP_ANALYSIS = YES;
				CLANG_WARN_STRICT_PROTOTYPES = YES;
				CLANG_WARN_SUSPICIOUS_MOVE = YES;
				CLANG_WARN_UNGUARDED_AVAILABILITY = YES_AGGRESSIVE;
				CLANG_WARN_UNREACHABLE_CODE = YES;
				CLANG_WARN__DUPLICATE_METHOD_MATCH = YES;
				COPY_PHASE_STRIP = NO;
				DEBUG_INFORMATION_FORMAT = dwarf;
				ENABLE_STRICT_OBJC_MSGSEND = YES;
				ENABLE_TESTABILITY = YES;
				GCC_C_LANGUAGE_STANDARD = gnu11;
				GCC_DYNAMIC_NO_PIC = NO;
				GCC_NO_COMMON_BLOCKS = YES;
				GCC_OPTIMIZATION_LEVEL = 0;
				GCC_PREPROCESSOR_DEFINITIONS = (
					"DEBUG=1",
					"$(inherited)",
				);
				GCC_WARN_64_TO_32_BIT_CONVERSION = YES;
				GCC_WARN_ABOUT_RETURN_TYPE = YES_ERROR;
				GCC_WARN_UNDECLARED_SELECTOR = YES;
				GCC_WARN_UNINITIALIZED_AUTOS = YES_AGGRESSIVE;
				GCC_WARN_UNUSED_FUNCTION = YES;
				GCC_WARN_UNUSED_VARIABLE = YES;
				IPHONEOS_DEPLOYMENT_TARGET = 13.4;
				MTL_ENABLE_DEBUG_INFO = INCLUDE_SOURCE;
				MTL_FAST_MATH = YES;
				ONLY_ACTIVE_ARCH = YES;
				SDKROOT = iphoneos;
				SWIFT_ACTIVE_COMPILATION_CONDITIONS = DEBUG;
				SWIFT_OPTIMIZATION_LEVEL = "-Onone";
			};
			name = Debug;
		};
		DC70ABE5246F426100415155 /* Release */ = {
			isa = XCBuildConfiguration;
			buildSettings = {
				ALWAYS_SEARCH_USER_PATHS = NO;
				CLANG_ANALYZER_NONNULL = YES;
				CLANG_ANALYZER_NUMBER_OBJECT_CONVERSION = YES_AGGRESSIVE;
				CLANG_CXX_LANGUAGE_STANDARD = "gnu++14";
				CLANG_CXX_LIBRARY = "libc++";
				CLANG_ENABLE_MODULES = YES;
				CLANG_ENABLE_OBJC_ARC = YES;
				CLANG_ENABLE_OBJC_WEAK = YES;
				CLANG_WARN_BLOCK_CAPTURE_AUTORELEASING = YES;
				CLANG_WARN_BOOL_CONVERSION = YES;
				CLANG_WARN_COMMA = YES;
				CLANG_WARN_CONSTANT_CONVERSION = YES;
				CLANG_WARN_DEPRECATED_OBJC_IMPLEMENTATIONS = YES;
				CLANG_WARN_DIRECT_OBJC_ISA_USAGE = YES_ERROR;
				CLANG_WARN_DOCUMENTATION_COMMENTS = YES;
				CLANG_WARN_EMPTY_BODY = YES;
				CLANG_WARN_ENUM_CONVERSION = YES;
				CLANG_WARN_INFINITE_RECURSION = YES;
				CLANG_WARN_INT_CONVERSION = YES;
				CLANG_WARN_NON_LITERAL_NULL_CONVERSION = YES;
				CLANG_WARN_OBJC_IMPLICIT_RETAIN_SELF = YES;
				CLANG_WARN_OBJC_LITERAL_CONVERSION = YES;
				CLANG_WARN_OBJC_ROOT_CLASS = YES_ERROR;
				CLANG_WARN_RANGE_LOOP_ANALYSIS = YES;
				CLANG_WARN_STRICT_PROTOTYPES = YES;
				CLANG_WARN_SUSPICIOUS_MOVE = YES;
				CLANG_WARN_UNGUARDED_AVAILABILITY = YES_AGGRESSIVE;
				CLANG_WARN_UNREACHABLE_CODE = YES;
				CLANG_WARN__DUPLICATE_METHOD_MATCH = YES;
				COPY_PHASE_STRIP = NO;
				DEBUG_INFORMATION_FORMAT = "dwarf-with-dsym";
				ENABLE_NS_ASSERTIONS = NO;
				ENABLE_STRICT_OBJC_MSGSEND = YES;
				GCC_C_LANGUAGE_STANDARD = gnu11;
				GCC_NO_COMMON_BLOCKS = YES;
				GCC_WARN_64_TO_32_BIT_CONVERSION = YES;
				GCC_WARN_ABOUT_RETURN_TYPE = YES_ERROR;
				GCC_WARN_UNDECLARED_SELECTOR = YES;
				GCC_WARN_UNINITIALIZED_AUTOS = YES_AGGRESSIVE;
				GCC_WARN_UNUSED_FUNCTION = YES;
				GCC_WARN_UNUSED_VARIABLE = YES;
				IPHONEOS_DEPLOYMENT_TARGET = 13.4;
				MTL_ENABLE_DEBUG_INFO = NO;
				MTL_FAST_MATH = YES;
				SDKROOT = iphoneos;
				SWIFT_COMPILATION_MODE = wholemodule;
				SWIFT_OPTIMIZATION_LEVEL = "-O";
				VALIDATE_PRODUCT = YES;
			};
			name = Release;
		};
		DC70ABE7246F426100415155 /* Debug */ = {
			isa = XCBuildConfiguration;
			buildSettings = {
				ALWAYS_EMBED_SWIFT_STANDARD_LIBRARIES = YES;
				ASSETCATALOG_COMPILER_APPICON_NAME = AppIcon;
				CODE_SIGN_STYLE = Automatic;
				INFOPLIST_FILE = Faceblock/Info.plist;
				LD_RUNPATH_SEARCH_PATHS = (
					"$(inherited)",
					"@executable_path/Frameworks",
				);
				PRODUCT_BUNDLE_IDENTIFIER = com.arjungo.Faceblock;
				PRODUCT_NAME = "$(TARGET_NAME)";
				SWIFT_VERSION = 5.0;
				TARGETED_DEVICE_FAMILY = "1,2";
			};
			name = Debug;
		};
		DC70ABE8246F426100415155 /* Release */ = {
			isa = XCBuildConfiguration;
			buildSettings = {
				ALWAYS_EMBED_SWIFT_STANDARD_LIBRARIES = YES;
				ASSETCATALOG_COMPILER_APPICON_NAME = AppIcon;
				CODE_SIGN_STYLE = Automatic;
				INFOPLIST_FILE = Faceblock/Info.plist;
				LD_RUNPATH_SEARCH_PATHS = (
					"$(inherited)",
					"@executable_path/Frameworks",
				);
				PRODUCT_BUNDLE_IDENTIFIER = com.arjungo.Faceblock;
				PRODUCT_NAME = "$(TARGET_NAME)";
				SWIFT_VERSION = 5.0;
				TARGETED_DEVICE_FAMILY = "1,2";
			};
			name = Release;
		};
		DC70ABF8246F43E800415155 /* Debug */ = {
			isa = XCBuildConfiguration;
			buildSettings = {
				ARCHS = "$(ARCHS_STANDARD_64_BIT)";
				CODE_SIGN_STYLE = Automatic;
				INFOPLIST_FILE = FaceblockContentBlocker/Info.plist;
				LD_RUNPATH_SEARCH_PATHS = (
					"$(inherited)",
					"@executable_path/Frameworks",
					"@executable_path/../../Frameworks",
				);
				PRODUCT_BUNDLE_IDENTIFIER = com.arjungo.Faceblock.FaceblockContentBlocker;
				PRODUCT_NAME = "$(TARGET_NAME)";
				SKIP_INSTALL = YES;
				SWIFT_VERSION = 5.0;
				TARGETED_DEVICE_FAMILY = "1,2";
			};
			name = Debug;
		};
		DC70ABF9246F43E800415155 /* Release */ = {
			isa = XCBuildConfiguration;
			buildSettings = {
				ARCHS = "$(ARCHS_STANDARD_64_BIT)";
				CODE_SIGN_STYLE = Automatic;
				INFOPLIST_FILE = FaceblockContentBlocker/Info.plist;
				LD_RUNPATH_SEARCH_PATHS = (
					"$(inherited)",
					"@executable_path/Frameworks",
					"@executable_path/../../Frameworks",
				);
				PRODUCT_BUNDLE_IDENTIFIER = com.arjungo.Faceblock.FaceblockContentBlocker;
				PRODUCT_NAME = "$(TARGET_NAME)";
				SKIP_INSTALL = YES;
				SWIFT_VERSION = 5.0;
				TARGETED_DEVICE_FAMILY = "1,2";
			};
			name = Release;
		};
		DC70AC0A246F643400415155 /* Debug */ = {
			isa = XCBuildConfiguration;
			buildSettings = {
				ARCHS = "$(ARCHS_STANDARD_64_BIT)";
				CODE_SIGN_STYLE = Automatic;
				INFOPLIST_FILE = InstagramContentBlocker/Info.plist;
				LD_RUNPATH_SEARCH_PATHS = (
					"$(inherited)",
					"@executable_path/Frameworks",
					"@executable_path/../../Frameworks",
				);
				PRODUCT_BUNDLE_IDENTIFIER = com.arjungo.Faceblock.InstagramContentBlocker;
				PRODUCT_NAME = "$(TARGET_NAME)";
				SKIP_INSTALL = YES;
				SWIFT_VERSION = 5.0;
				TARGETED_DEVICE_FAMILY = "1,2";
			};
			name = Debug;
		};
		DC70AC0B246F643400415155 /* Release */ = {
			isa = XCBuildConfiguration;
			buildSettings = {
				ARCHS = "$(ARCHS_STANDARD_64_BIT)";
				CODE_SIGN_STYLE = Automatic;
				INFOPLIST_FILE = InstagramContentBlocker/Info.plist;
				LD_RUNPATH_SEARCH_PATHS = (
					"$(inherited)",
					"@executable_path/Frameworks",
					"@executable_path/../../Frameworks",
				);
				PRODUCT_BUNDLE_IDENTIFIER = com.arjungo.Faceblock.InstagramContentBlocker;
				PRODUCT_NAME = "$(TARGET_NAME)";
				SKIP_INSTALL = YES;
				SWIFT_VERSION = 5.0;
				TARGETED_DEVICE_FAMILY = "1,2";
			};
			name = Release;
		};
/* End XCBuildConfiguration section */

/* Begin XCConfigurationList section */
		DC70ABCD246F426000415155 /* Build configuration list for PBXProject "Faceblock" */ = {
			isa = XCConfigurationList;
			buildConfigurations = (
				DC70ABE4246F426100415155 /* Debug */,
				DC70ABE5246F426100415155 /* Release */,
			);
			defaultConfigurationIsVisible = 0;
			defaultConfigurationName = Release;
		};
		DC70ABE6246F426100415155 /* Build configuration list for PBXNativeTarget "Faceblock" */ = {
			isa = XCConfigurationList;
			buildConfigurations = (
				DC70ABE7246F426100415155 /* Debug */,
				DC70ABE8246F426100415155 /* Release */,
			);
			defaultConfigurationIsVisible = 0;
			defaultConfigurationName = Release;
		};
		DC70ABF7246F43E800415155 /* Build configuration list for PBXNativeTarget "FaceblockContentBlocker" */ = {
			isa = XCConfigurationList;
			buildConfigurations = (
				DC70ABF8246F43E800415155 /* Debug */,
				DC70ABF9246F43E800415155 /* Release */,
			);
			defaultConfigurationIsVisible = 0;
			defaultConfigurationName = Release;
		};
		DC70AC09246F643400415155 /* Build configuration list for PBXNativeTarget "InstagramContentBlocker" */ = {
			isa = XCConfigurationList;
			buildConfigurations = (
				DC70AC0A246F643400415155 /* Debug */,
				DC70AC0B246F643400415155 /* Release */,
			);
			defaultConfigurationIsVisible = 0;
			defaultConfigurationName = Release;
		};
/* End XCConfigurationList section */
	};
	rootObject = DC70ABCA246F426000415155 /* Project object */;
}
